
Microsoft Visual Studio Solution File, Format Version 12.00
# Visual Studio Version 17
VisualStudioVersion = 17.12.35514.174 d17.12
MinimumVisualStudioVersion = 10.0.40219.1
Project("{FAE04EC0-301F-11D3-BF4B-00C04F79EFBC}") = "CWK_GeaduationExam7_TakeHomeProject", "CWK_GeaduationExam7_TakeHomeProject.csproj", "{D3660494-006A-4E99-BD7B-FCB1BEBBB595}"
EndProject
Global
	GlobalSection(SolutionConfigurationPlatforms) = preSolution
		Debug|Any CPU = Debug|Any CPU
		Release|Any CPU = Release|Any CPU
	EndGlobalSection
	GlobalSection(ProjectConfigurationPlatforms) = postSolution
		{D3660494-006A-4E99-BD7B-FCB1BEBBB595}.Debug|Any CPU.ActiveCfg = Debug|Any CPU
		{D3660494-006A-4E99-BD7B-FCB1BEBBB595}.Debug|Any CPU.Build.0 = Debug|Any CPU
		{D3660494-006A-4E99-BD7B-FCB1BEBBB595}.Release|Any CPU.ActiveCfg = Release|Any CPU
		{D3660494-006A-4E99-BD7B-FCB1BEBBB595}.Release|Any CPU.Build.0 = Release|Any CPU
	EndGlobalSection
	GlobalSection(SolutionProperties) = preSolution
		HideSolutionNode = FALSE
	EndGlobalSection
EndGlobal
